// !$*UTF8*$!
{
	archiveVersion = 1;
	classes = {
	};
	objectVersion = 46;
	objects = {

/* Begin PBXBuildFile section */
		0EABB536CCF85B382ED7E600 /* Pods_ShareArticle.framework in Frameworks */ = {isa = PBXBuildFile; fileRef = DF51C2DC13D959FB782D2E85 /* Pods_ShareArticle.framework */; };
		632536E01F0F423E00D43C08 /* ArrayExtension.swift in Sources */ = {isa = PBXBuildFile; fileRef = 632536DF1F0F423E00D43C08 /* ArrayExtension.swift */; };
		6326D7B71F073B2700448E52 /* PostFromUIActivityViewController.swift in Sources */ = {isa = PBXBuildFile; fileRef = 6326D7B61F073B2700448E52 /* PostFromUIActivityViewController.swift */; };
		632910991EECEC880071F2E1 /* AppDelegate.swift in Sources */ = {isa = PBXBuildFile; fileRef = 632910981EECEC880071F2E1 /* AppDelegate.swift */; };
		6329109E1EECEC880071F2E1 /* Main.storyboard in Resources */ = {isa = PBXBuildFile; fileRef = 6329109C1EECEC880071F2E1 /* Main.storyboard */; };
		632910A01EECEC880071F2E1 /* Assets.xcassets in Resources */ = {isa = PBXBuildFile; fileRef = 6329109F1EECEC880071F2E1 /* Assets.xcassets */; };
		632910A31EECEC880071F2E1 /* LaunchScreen.storyboard in Resources */ = {isa = PBXBuildFile; fileRef = 632910A11EECEC880071F2E1 /* LaunchScreen.storyboard */; };
		632910AB1EECF20B0071F2E1 /* ArticleListViewController.swift in Sources */ = {isa = PBXBuildFile; fileRef = 632910AA1EECF20B0071F2E1 /* ArticleListViewController.swift */; };
		632910AD1EECF2760071F2E1 /* ReadWebViewController.swift in Sources */ = {isa = PBXBuildFile; fileRef = 632910AC1EECF2760071F2E1 /* ReadWebViewController.swift */; };
		632910B01EECF29F0071F2E1 /* ArticleTableViewCell.swift in Sources */ = {isa = PBXBuildFile; fileRef = 632910AE1EECF29F0071F2E1 /* ArticleTableViewCell.swift */; };
		632910B11EECF29F0071F2E1 /* ArticleTableViewCell.xib in Resources */ = {isa = PBXBuildFile; fileRef = 632910AF1EECF29F0071F2E1 /* ArticleTableViewCell.xib */; };
		632910B31EED0F0B0071F2E1 /* UIViewExtension.swift in Sources */ = {isa = PBXBuildFile; fileRef = 632910B21EED0F0B0071F2E1 /* UIViewExtension.swift */; };
		632910B51EED10C40071F2E1 /* ArticleClass.swift in Sources */ = {isa = PBXBuildFile; fileRef = 632910B41EED10C40071F2E1 /* ArticleClass.swift */; };
		632910B71EED16590071F2E1 /* DateFormatExtension.swift in Sources */ = {isa = PBXBuildFile; fileRef = 632910B61EED16590071F2E1 /* DateFormatExtension.swift */; };
		632910B91EED18E60071F2E1 /* ImageConvertExtension.swift in Sources */ = {isa = PBXBuildFile; fileRef = 632910B81EED18E60071F2E1 /* ImageConvertExtension.swift */; };
		63381F191F15AE47006C5604 /* ConstDefine.swift in Sources */ = {isa = PBXBuildFile; fileRef = 63381F181F15AE47006C5604 /* ConstDefine.swift */; };
		633BF84E1F52C9EA00D99E22 /* bookmark_icon.png in Resources */ = {isa = PBXBuildFile; fileRef = 633BF84D1F52C9EA00D99E22 /* bookmark_icon.png */; };
		633BF8521F52CA7F00D99E22 /* icon_180.png in Resources */ = {isa = PBXBuildFile; fileRef = 633BF8511F52CA7F00D99E22 /* icon_180.png */; };
		633BF8541F52F34200D99E22 /* Posty_logo_1440_360.png in Resources */ = {isa = PBXBuildFile; fileRef = 633BF8531F52F34200D99E22 /* Posty_logo_1440_360.png */; };
		633BF8571F52FD7B00D99E22 /* TutorialViewController.swift in Sources */ = {isa = PBXBuildFile; fileRef = 633BF8551F52FD7B00D99E22 /* TutorialViewController.swift */; };
		633BF85A1F52FDBB00D99E22 /* Tutorial.storyboard in Resources */ = {isa = PBXBuildFile; fileRef = 633BF8591F52FDBB00D99E22 /* Tutorial.storyboard */; };
		634CB66E1F263E0B00F2E7F5 /* UIColorExtension.swift in Sources */ = {isa = PBXBuildFile; fileRef = 634CB66D1F263E0B00F2E7F5 /* UIColorExtension.swift */; };
		634CB6701F2640AE00F2E7F5 /* nippoly_white.png in Resources */ = {isa = PBXBuildFile; fileRef = 634CB66F1F2640AE00F2E7F5 /* nippoly_white.png */; };
		638201EC1EF7A9B900ACE0FA /* PostFromUIActivity.swift in Sources */ = {isa = PBXBuildFile; fileRef = 638201EB1EF7A9B900ACE0FA /* PostFromUIActivity.swift */; };
		63A78AD01F332A210081349B /* PublicFunction.swift in Sources */ = {isa = PBXBuildFile; fileRef = 63A78ACF1F332A210081349B /* PublicFunction.swift */; };
		63BC8E231F56C97800E9F55E /* GoogleService-Info.plist in Resources */ = {isa = PBXBuildFile; fileRef = 63BC8E221F56C97800E9F55E /* GoogleService-Info.plist */; };
		63BC8E291F56CFC900E9F55E /* FirebaseDatabaseManager.swift in Sources */ = {isa = PBXBuildFile; fileRef = 63BC8E281F56CFC900E9F55E /* FirebaseDatabaseManager.swift */; };
		63BC8E2B1F57060400E9F55E /* DictionaryExtension.swift in Sources */ = {isa = PBXBuildFile; fileRef = 63BC8E2A1F57060400E9F55E /* DictionaryExtension.swift */; };
		63BC8E411F57CFAE00E9F55E /* BookmarkViewController.swift in Sources */ = {isa = PBXBuildFile; fileRef = 63BC8E401F57CFAE00E9F55E /* BookmarkViewController.swift */; };
		63BC8E431F57CFB900E9F55E /* Bookmark.storyboard in Resources */ = {isa = PBXBuildFile; fileRef = 63BC8E421F57CFB900E9F55E /* Bookmark.storyboard */; };
		63BC8E451F57DDE600E9F55E /* AddBookmarkViewController.swift in Sources */ = {isa = PBXBuildFile; fileRef = 63BC8E441F57DDE600E9F55E /* AddBookmarkViewController.swift */; };
		63BC8E471F57DDF500E9F55E /* AddBookmark.storyboard in Resources */ = {isa = PBXBuildFile; fileRef = 63BC8E461F57DDF500E9F55E /* AddBookmark.storyboard */; };
		63BC8E581F58025200E9F55E /* bookmark_add@2x.png in Resources */ = {isa = PBXBuildFile; fileRef = 63BC8E541F58025200E9F55E /* bookmark_add@2x.png */; };
		63BC8E591F58025200E9F55E /* bookmark_normal@2x.png in Resources */ = {isa = PBXBuildFile; fileRef = 63BC8E551F58025200E9F55E /* bookmark_normal@2x.png */; };
		63BC8E5A1F58025200E9F55E /* bookmark_add.png in Resources */ = {isa = PBXBuildFile; fileRef = 63BC8E561F58025200E9F55E /* bookmark_add.png */; };
		63BC8E5B1F58025200E9F55E /* bookmark_normal.png in Resources */ = {isa = PBXBuildFile; fileRef = 63BC8E571F58025200E9F55E /* bookmark_normal.png */; };
		63BC8E611F5E885D00E9F55E /* Tutorial01.jpg in Resources */ = {isa = PBXBuildFile; fileRef = 63BC8E5C1F5E885D00E9F55E /* Tutorial01.jpg */; };
		63BC8E621F5E885D00E9F55E /* Tutorial02.jpg in Resources */ = {isa = PBXBuildFile; fileRef = 63BC8E5D1F5E885D00E9F55E /* Tutorial02.jpg */; };
		63BC8E631F5E885D00E9F55E /* Tutorial03.jpg in Resources */ = {isa = PBXBuildFile; fileRef = 63BC8E5E1F5E885D00E9F55E /* Tutorial03.jpg */; };
		63BC8E641F5E885D00E9F55E /* Tutorial04.jpg in Resources */ = {isa = PBXBuildFile; fileRef = 63BC8E5F1F5E885D00E9F55E /* Tutorial04.jpg */; };
		63BC8E651F5E885D00E9F55E /* Tutorial05.jpg in Resources */ = {isa = PBXBuildFile; fileRef = 63BC8E601F5E885D00E9F55E /* Tutorial05.jpg */; };
		63BC8E671F5ECC8E00E9F55E /* FirebaseAuthManager.swift in Sources */ = {isa = PBXBuildFile; fileRef = 63BC8E661F5ECC8E00E9F55E /* FirebaseAuthManager.swift */; };
		63DD88291F529B4300885385 /* icon-messages-app-27x20@1x.png in Resources */ = {isa = PBXBuildFile; fileRef = 63DD87F91F529B4300885385 /* icon-messages-app-27x20@1x.png */; };
		63DD882A1F529B4300885385 /* icon-messages-app-27x20@2x.png in Resources */ = {isa = PBXBuildFile; fileRef = 63DD87FA1F529B4300885385 /* icon-messages-app-27x20@2x.png */; };
		63DD882B1F529B4300885385 /* icon-messages-app-27x20@3x.png in Resources */ = {isa = PBXBuildFile; fileRef = 63DD87FB1F529B4300885385 /* icon-messages-app-27x20@3x.png */; };
		63DD882C1F529B4300885385 /* icon-messages-app-iPadAir-67x50@2x.png in Resources */ = {isa = PBXBuildFile; fileRef = 63DD87FC1F529B4300885385 /* icon-messages-app-iPadAir-67x50@2x.png */; };
		63DD882D1F529B4300885385 /* icon-messages-app-iPadAir-74x55@2x.png in Resources */ = {isa = PBXBuildFile; fileRef = 63DD87FD1F529B4300885385 /* icon-messages-app-iPadAir-74x55@2x.png */; };
		63DD882E1F529B4300885385 /* icon-messages-app-iPhone-60x45@1x.png in Resources */ = {isa = PBXBuildFile; fileRef = 63DD87FE1F529B4300885385 /* icon-messages-app-iPhone-60x45@1x.png */; };
		63DD882F1F529B4300885385 /* icon-messages-app-iPhone-60x45@2x.png in Resources */ = {isa = PBXBuildFile; fileRef = 63DD87FF1F529B4300885385 /* icon-messages-app-iPhone-60x45@2x.png */; };
		63DD88301F529B4300885385 /* icon-messages-app-iPhone-60x45@3x.png in Resources */ = {isa = PBXBuildFile; fileRef = 63DD88001F529B4300885385 /* icon-messages-app-iPhone-60x45@3x.png */; };
		63DD88311F529B4300885385 /* icon-messages-app-store-1024x768.png in Resources */ = {isa = PBXBuildFile; fileRef = 63DD88011F529B4300885385 /* icon-messages-app-store-1024x768.png */; };
		63DD88321F529B4300885385 /* icon-messages-transcript-32x24@1x.png in Resources */ = {isa = PBXBuildFile; fileRef = 63DD88021F529B4300885385 /* icon-messages-transcript-32x24@1x.png */; };
		63DD88331F529B4300885385 /* icon-messages-transcript-32x24@2x.png in Resources */ = {isa = PBXBuildFile; fileRef = 63DD88031F529B4300885385 /* icon-messages-transcript-32x24@2x.png */; };
		63DD88341F529B4300885385 /* icon-messages-transcript-32x24@3x.png in Resources */ = {isa = PBXBuildFile; fileRef = 63DD88041F529B4300885385 /* icon-messages-transcript-32x24@3x.png */; };
		63DD88351F529B4300885385 /* Contents.json in Resources */ = {isa = PBXBuildFile; fileRef = 63DD88071F529B4300885385 /* Contents.json */; };
		63DD88361F529B4300885385 /* Icon-App-20x20@1x.png in Resources */ = {isa = PBXBuildFile; fileRef = 63DD88081F529B4300885385 /* Icon-App-20x20@1x.png */; };
		63DD88371F529B4300885385 /* Icon-App-20x20@2x.png in Resources */ = {isa = PBXBuildFile; fileRef = 63DD88091F529B4300885385 /* Icon-App-20x20@2x.png */; };
		63DD88381F529B4300885385 /* Icon-App-20x20@3x.png in Resources */ = {isa = PBXBuildFile; fileRef = 63DD880A1F529B4300885385 /* Icon-App-20x20@3x.png */; };
		63DD88391F529B4300885385 /* Icon-App-29x29@1x.png in Resources */ = {isa = PBXBuildFile; fileRef = 63DD880B1F529B4300885385 /* Icon-App-29x29@1x.png */; };
		63DD883A1F529B4300885385 /* Icon-App-29x29@2x.png in Resources */ = {isa = PBXBuildFile; fileRef = 63DD880C1F529B4300885385 /* Icon-App-29x29@2x.png */; };
		63DD883B1F529B4300885385 /* Icon-App-29x29@3x.png in Resources */ = {isa = PBXBuildFile; fileRef = 63DD880D1F529B4300885385 /* Icon-App-29x29@3x.png */; };
		63DD883C1F529B4300885385 /* Icon-App-40x40@1x.png in Resources */ = {isa = PBXBuildFile; fileRef = 63DD880E1F529B4300885385 /* Icon-App-40x40@1x.png */; };
		63DD883D1F529B4300885385 /* Icon-App-40x40@2x.png in Resources */ = {isa = PBXBuildFile; fileRef = 63DD880F1F529B4300885385 /* Icon-App-40x40@2x.png */; };
		63DD883E1F529B4300885385 /* Icon-App-40x40@3x.png in Resources */ = {isa = PBXBuildFile; fileRef = 63DD88101F529B4300885385 /* Icon-App-40x40@3x.png */; };
		63DD883F1F529B4300885385 /* Icon-App-57x57@1x.png in Resources */ = {isa = PBXBuildFile; fileRef = 63DD88111F529B4300885385 /* Icon-App-57x57@1x.png */; };
		63DD88401F529B4300885385 /* Icon-App-57x57@2x.png in Resources */ = {isa = PBXBuildFile; fileRef = 63DD88121F529B4300885385 /* Icon-App-57x57@2x.png */; };
		63DD88411F529B4300885385 /* Icon-App-60x60@1x.png in Resources */ = {isa = PBXBuildFile; fileRef = 63DD88131F529B4300885385 /* Icon-App-60x60@1x.png */; };
		63DD88421F529B4300885385 /* Icon-App-60x60@2x.png in Resources */ = {isa = PBXBuildFile; fileRef = 63DD88141F529B4300885385 /* Icon-App-60x60@2x.png */; };
		63DD88431F529B4300885385 /* Icon-App-60x60@3x.png in Resources */ = {isa = PBXBuildFile; fileRef = 63DD88151F529B4300885385 /* Icon-App-60x60@3x.png */; };
		63DD88441F529B4300885385 /* Icon-App-72x72@1x.png in Resources */ = {isa = PBXBuildFile; fileRef = 63DD88161F529B4300885385 /* Icon-App-72x72@1x.png */; };
		63DD88451F529B4300885385 /* Icon-App-72x72@2x.png in Resources */ = {isa = PBXBuildFile; fileRef = 63DD88171F529B4300885385 /* Icon-App-72x72@2x.png */; };
		63DD88461F529B4300885385 /* Icon-App-76x76@1x.png in Resources */ = {isa = PBXBuildFile; fileRef = 63DD88181F529B4300885385 /* Icon-App-76x76@1x.png */; };
		63DD88471F529B4300885385 /* Icon-App-76x76@2x.png in Resources */ = {isa = PBXBuildFile; fileRef = 63DD88191F529B4300885385 /* Icon-App-76x76@2x.png */; };
		63DD88481F529B4300885385 /* Icon-App-76x76@3x.png in Resources */ = {isa = PBXBuildFile; fileRef = 63DD881A1F529B4300885385 /* Icon-App-76x76@3x.png */; };
		63DD88491F529B4300885385 /* Icon-App-83.5x83.5@2x.png in Resources */ = {isa = PBXBuildFile; fileRef = 63DD881B1F529B4300885385 /* Icon-App-83.5x83.5@2x.png */; };
		63DD884A1F529B4300885385 /* Icon-Small-50x50@1x.png in Resources */ = {isa = PBXBuildFile; fileRef = 63DD881C1F529B4300885385 /* Icon-Small-50x50@1x.png */; };
		63DD884B1F529B4300885385 /* Icon-Small-50x50@2x.png in Resources */ = {isa = PBXBuildFile; fileRef = 63DD881D1F529B4300885385 /* Icon-Small-50x50@2x.png */; };
		63DD884C1F529B4300885385 /* iTunesArtwork@1x.png in Resources */ = {isa = PBXBuildFile; fileRef = 63DD881E1F529B4300885385 /* iTunesArtwork@1x.png */; };
		63DD884D1F529B4300885385 /* iTunesArtwork@2x.png in Resources */ = {isa = PBXBuildFile; fileRef = 63DD881F1F529B4300885385 /* iTunesArtwork@2x.png */; };
		63DD884E1F529B4300885385 /* iTunesArtwork@3x.png in Resources */ = {isa = PBXBuildFile; fileRef = 63DD88201F529B4300885385 /* iTunesArtwork@3x.png */; };
		63DD884F1F529B4300885385 /* README.md in Sources */ = {isa = PBXBuildFile; fileRef = 63DD88211F529B4300885385 /* README.md */; };
		63DD88511F52A1C400885385 /* icon-uiac.png in Resources */ = {isa = PBXBuildFile; fileRef = 63DD88501F52A1C400885385 /* icon-uiac.png */; };
		63E410311F1CFA4D004B71A6 /* back_on.png in Resources */ = {isa = PBXBuildFile; fileRef = 63E410291F1CFA4D004B71A6 /* back_on.png */; };
		63E410321F1CFA4D004B71A6 /* back_on@2x.png in Resources */ = {isa = PBXBuildFile; fileRef = 63E4102A1F1CFA4D004B71A6 /* back_on@2x.png */; };
		63E410331F1CFA4D004B71A6 /* next_on.png in Resources */ = {isa = PBXBuildFile; fileRef = 63E4102B1F1CFA4D004B71A6 /* next_on.png */; };
		63E410341F1CFA4D004B71A6 /* next_on@2x.png in Resources */ = {isa = PBXBuildFile; fileRef = 63E4102C1F1CFA4D004B71A6 /* next_on@2x.png */; };
		63E410351F1CFA4D004B71A6 /* reload_on.png in Resources */ = {isa = PBXBuildFile; fileRef = 63E4102D1F1CFA4D004B71A6 /* reload_on.png */; };
		63E410361F1CFA4D004B71A6 /* reload_on@2x.png in Resources */ = {isa = PBXBuildFile; fileRef = 63E4102E1F1CFA4D004B71A6 /* reload_on@2x.png */; };
		63E410371F1CFA4D004B71A6 /* stop_on.png in Resources */ = {isa = PBXBuildFile; fileRef = 63E4102F1F1CFA4D004B71A6 /* stop_on.png */; };
		63E410381F1CFA4D004B71A6 /* stop_on@2x.png in Resources */ = {isa = PBXBuildFile; fileRef = 63E410301F1CFA4D004B71A6 /* stop_on@2x.png */; };
		63E410411F1CFED7004B71A6 /* back_off.png in Resources */ = {isa = PBXBuildFile; fileRef = 63E410391F1CFED7004B71A6 /* back_off.png */; };
		63E410421F1CFED7004B71A6 /* next_off.png in Resources */ = {isa = PBXBuildFile; fileRef = 63E4103A1F1CFED7004B71A6 /* next_off.png */; };
		63E410431F1CFED7004B71A6 /* stop_off.png in Resources */ = {isa = PBXBuildFile; fileRef = 63E4103B1F1CFED7004B71A6 /* stop_off.png */; };
		63E410441F1CFED7004B71A6 /* reload_off.png in Resources */ = {isa = PBXBuildFile; fileRef = 63E4103C1F1CFED7004B71A6 /* reload_off.png */; };
		63E410451F1CFED7004B71A6 /* reload_off@2x.png in Resources */ = {isa = PBXBuildFile; fileRef = 63E4103D1F1CFED7004B71A6 /* reload_off@2x.png */; };
		63E410461F1CFED7004B71A6 /* next_off@2x.png in Resources */ = {isa = PBXBuildFile; fileRef = 63E4103E1F1CFED7004B71A6 /* next_off@2x.png */; };
		63E410471F1CFED7004B71A6 /* stop_off@2x.png in Resources */ = {isa = PBXBuildFile; fileRef = 63E4103F1F1CFED7004B71A6 /* stop_off@2x.png */; };
		63E410481F1CFED7004B71A6 /* back_off@2x.png in Resources */ = {isa = PBXBuildFile; fileRef = 63E410401F1CFED7004B71A6 /* back_off@2x.png */; };
		63E4104C1F1D0EAB004B71A6 /* check_off.png in Resources */ = {isa = PBXBuildFile; fileRef = 63E4104A1F1D0EAB004B71A6 /* check_off.png */; };
		63E4104D1F1D0EAB004B71A6 /* check_on.png in Resources */ = {isa = PBXBuildFile; fileRef = 63E4104B1F1D0EAB004B71A6 /* check_on.png */; };
		63E410501F1D1607004B71A6 /* thumbnail_noImage.png in Resources */ = {isa = PBXBuildFile; fileRef = 63E4104E1F1D1607004B71A6 /* thumbnail_noImage.png */; };
		63E410511F1D1607004B71A6 /* thumbnail_nowLoading.png in Resources */ = {isa = PBXBuildFile; fileRef = 63E4104F1F1D1607004B71A6 /* thumbnail_nowLoading.png */; };
/* End PBXBuildFile section */

/* Begin PBXFileReference section */
		629B2BA04CA8E52A59169EDA /* Pods-ShareArticle.debug.xcconfig */ = {isa = PBXFileReference; includeInIndex = 1; lastKnownFileType = text.xcconfig; name = "Pods-ShareArticle.debug.xcconfig"; path = "Pods/Target Support Files/Pods-ShareArticle/Pods-ShareArticle.debug.xcconfig"; sourceTree = "<group>"; };
		632536DF1F0F423E00D43C08 /* ArrayExtension.swift */ = {isa = PBXFileReference; fileEncoding = 4; lastKnownFileType = sourcecode.swift; path = ArrayExtension.swift; sourceTree = "<group>"; };
		6326D7B61F073B2700448E52 /* PostFromUIActivityViewController.swift */ = {isa = PBXFileReference; fileEncoding = 4; lastKnownFileType = sourcecode.swift; path = PostFromUIActivityViewController.swift; sourceTree = "<group>"; };
		632910951EECEC880071F2E1 /* ShareArticle.app */ = {isa = PBXFileReference; explicitFileType = wrapper.application; includeInIndex = 0; path = ShareArticle.app; sourceTree = BUILT_PRODUCTS_DIR; };
		632910981EECEC880071F2E1 /* AppDelegate.swift */ = {isa = PBXFileReference; lastKnownFileType = sourcecode.swift; path = AppDelegate.swift; sourceTree = "<group>"; };
		6329109D1EECEC880071F2E1 /* Base */ = {isa = PBXFileReference; lastKnownFileType = file.storyboard; name = Base; path = Base.lproj/Main.storyboard; sourceTree = "<group>"; };
		6329109F1EECEC880071F2E1 /* Assets.xcassets */ = {isa = PBXFileReference; lastKnownFileType = folder.assetcatalog; path = Assets.xcassets; sourceTree = "<group>"; };
		632910A21EECEC880071F2E1 /* Base */ = {isa = PBXFileReference; lastKnownFileType = file.storyboard; name = Base; path = Base.lproj/LaunchScreen.storyboard; sourceTree = "<group>"; };
		632910A41EECEC880071F2E1 /* Info.plist */ = {isa = PBXFileReference; lastKnownFileType = text.plist.xml; path = Info.plist; sourceTree = "<group>"; };
		632910AA1EECF20B0071F2E1 /* ArticleListViewController.swift */ = {isa = PBXFileReference; fileEncoding = 4; lastKnownFileType = sourcecode.swift; path = ArticleListViewController.swift; sourceTree = "<group>"; };
		632910AC1EECF2760071F2E1 /* ReadWebViewController.swift */ = {isa = PBXFileReference; fileEncoding = 4; lastKnownFileType = sourcecode.swift; path = ReadWebViewController.swift; sourceTree = "<group>"; };
		632910AE1EECF29F0071F2E1 /* ArticleTableViewCell.swift */ = {isa = PBXFileReference; fileEncoding = 4; lastKnownFileType = sourcecode.swift; path = ArticleTableViewCell.swift; sourceTree = "<group>"; };
		632910AF1EECF29F0071F2E1 /* ArticleTableViewCell.xib */ = {isa = PBXFileReference; fileEncoding = 4; lastKnownFileType = file.xib; path = ArticleTableViewCell.xib; sourceTree = "<group>"; };
		632910B21EED0F0B0071F2E1 /* UIViewExtension.swift */ = {isa = PBXFileReference; fileEncoding = 4; lastKnownFileType = sourcecode.swift; path = UIViewExtension.swift; sourceTree = "<group>"; };
		632910B41EED10C40071F2E1 /* ArticleClass.swift */ = {isa = PBXFileReference; fileEncoding = 4; lastKnownFileType = sourcecode.swift; path = ArticleClass.swift; sourceTree = "<group>"; };
		632910B61EED16590071F2E1 /* DateFormatExtension.swift */ = {isa = PBXFileReference; fileEncoding = 4; lastKnownFileType = sourcecode.swift; path = DateFormatExtension.swift; sourceTree = "<group>"; };
		632910B81EED18E60071F2E1 /* ImageConvertExtension.swift */ = {isa = PBXFileReference; fileEncoding = 4; lastKnownFileType = sourcecode.swift; path = ImageConvertExtension.swift; sourceTree = "<group>"; };
		63381F181F15AE47006C5604 /* ConstDefine.swift */ = {isa = PBXFileReference; fileEncoding = 4; lastKnownFileType = sourcecode.swift; path = ConstDefine.swift; sourceTree = "<group>"; };
		633BF84D1F52C9EA00D99E22 /* bookmark_icon.png */ = {isa = PBXFileReference; lastKnownFileType = image.png; path = bookmark_icon.png; sourceTree = "<group>"; };
		633BF8511F52CA7F00D99E22 /* icon_180.png */ = {isa = PBXFileReference; lastKnownFileType = image.png; path = icon_180.png; sourceTree = "<group>"; };
		633BF8531F52F34200D99E22 /* Posty_logo_1440_360.png */ = {isa = PBXFileReference; lastKnownFileType = image.png; path = Posty_logo_1440_360.png; sourceTree = "<group>"; };
		633BF8551F52FD7B00D99E22 /* TutorialViewController.swift */ = {isa = PBXFileReference; fileEncoding = 4; lastKnownFileType = sourcecode.swift; path = TutorialViewController.swift; sourceTree = "<group>"; };
		633BF8591F52FDBB00D99E22 /* Tutorial.storyboard */ = {isa = PBXFileReference; fileEncoding = 4; lastKnownFileType = file.storyboard; path = Tutorial.storyboard; sourceTree = "<group>"; };
		634CB66D1F263E0B00F2E7F5 /* UIColorExtension.swift */ = {isa = PBXFileReference; fileEncoding = 4; lastKnownFileType = sourcecode.swift; path = UIColorExtension.swift; sourceTree = "<group>"; };
		634CB66F1F2640AE00F2E7F5 /* nippoly_white.png */ = {isa = PBXFileReference; lastKnownFileType = image.png; path = nippoly_white.png; sourceTree = "<group>"; };
		638201EB1EF7A9B900ACE0FA /* PostFromUIActivity.swift */ = {isa = PBXFileReference; fileEncoding = 4; lastKnownFileType = sourcecode.swift; path = PostFromUIActivity.swift; sourceTree = "<group>"; };
		63A78ACF1F332A210081349B /* PublicFunction.swift */ = {isa = PBXFileReference; fileEncoding = 4; lastKnownFileType = sourcecode.swift; path = PublicFunction.swift; sourceTree = "<group>"; };
		63BC8E221F56C97800E9F55E /* GoogleService-Info.plist */ = {isa = PBXFileReference; fileEncoding = 4; lastKnownFileType = text.plist.xml; path = "GoogleService-Info.plist"; sourceTree = "<group>"; };
		63BC8E281F56CFC900E9F55E /* FirebaseDatabaseManager.swift */ = {isa = PBXFileReference; fileEncoding = 4; lastKnownFileType = sourcecode.swift; path = FirebaseDatabaseManager.swift; sourceTree = "<group>"; };
		63BC8E2A1F57060400E9F55E /* DictionaryExtension.swift */ = {isa = PBXFileReference; fileEncoding = 4; lastKnownFileType = sourcecode.swift; path = DictionaryExtension.swift; sourceTree = "<group>"; };
		63BC8E401F57CFAE00E9F55E /* BookmarkViewController.swift */ = {isa = PBXFileReference; fileEncoding = 4; lastKnownFileType = sourcecode.swift; path = BookmarkViewController.swift; sourceTree = "<group>"; };
		63BC8E421F57CFB900E9F55E /* Bookmark.storyboard */ = {isa = PBXFileReference; fileEncoding = 4; lastKnownFileType = file.storyboard; path = Bookmark.storyboard; sourceTree = "<group>"; };
		63BC8E441F57DDE600E9F55E /* AddBookmarkViewController.swift */ = {isa = PBXFileReference; fileEncoding = 4; lastKnownFileType = sourcecode.swift; path = AddBookmarkViewController.swift; sourceTree = "<group>"; };
		63BC8E461F57DDF500E9F55E /* AddBookmark.storyboard */ = {isa = PBXFileReference; fileEncoding = 4; lastKnownFileType = file.storyboard; path = AddBookmark.storyboard; sourceTree = "<group>"; };
		63BC8E541F58025200E9F55E /* bookmark_add@2x.png */ = {isa = PBXFileReference; lastKnownFileType = image.png; path = "bookmark_add@2x.png"; sourceTree = "<group>"; };
		63BC8E551F58025200E9F55E /* bookmark_normal@2x.png */ = {isa = PBXFileReference; lastKnownFileType = image.png; path = "bookmark_normal@2x.png"; sourceTree = "<group>"; };
		63BC8E561F58025200E9F55E /* bookmark_add.png */ = {isa = PBXFileReference; lastKnownFileType = image.png; path = bookmark_add.png; sourceTree = "<group>"; };
		63BC8E571F58025200E9F55E /* bookmark_normal.png */ = {isa = PBXFileReference; lastKnownFileType = image.png; path = bookmark_normal.png; sourceTree = "<group>"; };
		63BC8E5C1F5E885D00E9F55E /* Tutorial01.jpg */ = {isa = PBXFileReference; lastKnownFileType = image.jpeg; path = Tutorial01.jpg; sourceTree = "<group>"; };
		63BC8E5D1F5E885D00E9F55E /* Tutorial02.jpg */ = {isa = PBXFileReference; lastKnownFileType = image.jpeg; path = Tutorial02.jpg; sourceTree = "<group>"; };
		63BC8E5E1F5E885D00E9F55E /* Tutorial03.jpg */ = {isa = PBXFileReference; lastKnownFileType = image.jpeg; path = Tutorial03.jpg; sourceTree = "<group>"; };
		63BC8E5F1F5E885D00E9F55E /* Tutorial04.jpg */ = {isa = PBXFileReference; lastKnownFileType = image.jpeg; path = Tutorial04.jpg; sourceTree = "<group>"; };
		63BC8E601F5E885D00E9F55E /* Tutorial05.jpg */ = {isa = PBXFileReference; lastKnownFileType = image.jpeg; path = Tutorial05.jpg; sourceTree = "<group>"; };
		63BC8E661F5ECC8E00E9F55E /* FirebaseAuthManager.swift */ = {isa = PBXFileReference; fileEncoding = 4; lastKnownFileType = sourcecode.swift; path = FirebaseAuthManager.swift; sourceTree = "<group>"; };
		63DD87F91F529B4300885385 /* icon-messages-app-27x20@1x.png */ = {isa = PBXFileReference; lastKnownFileType = image.png; path = "icon-messages-app-27x20@1x.png"; sourceTree = "<group>"; };
		63DD87FA1F529B4300885385 /* icon-messages-app-27x20@2x.png */ = {isa = PBXFileReference; lastKnownFileType = image.png; path = "icon-messages-app-27x20@2x.png"; sourceTree = "<group>"; };
		63DD87FB1F529B4300885385 /* icon-messages-app-27x20@3x.png */ = {isa = PBXFileReference; lastKnownFileType = image.png; path = "icon-messages-app-27x20@3x.png"; sourceTree = "<group>"; };
		63DD87FC1F529B4300885385 /* icon-messages-app-iPadAir-67x50@2x.png */ = {isa = PBXFileReference; lastKnownFileType = image.png; path = "icon-messages-app-iPadAir-67x50@2x.png"; sourceTree = "<group>"; };
		63DD87FD1F529B4300885385 /* icon-messages-app-iPadAir-74x55@2x.png */ = {isa = PBXFileReference; lastKnownFileType = image.png; path = "icon-messages-app-iPadAir-74x55@2x.png"; sourceTree = "<group>"; };
		63DD87FE1F529B4300885385 /* icon-messages-app-iPhone-60x45@1x.png */ = {isa = PBXFileReference; lastKnownFileType = image.png; path = "icon-messages-app-iPhone-60x45@1x.png"; sourceTree = "<group>"; };
		63DD87FF1F529B4300885385 /* icon-messages-app-iPhone-60x45@2x.png */ = {isa = PBXFileReference; lastKnownFileType = image.png; path = "icon-messages-app-iPhone-60x45@2x.png"; sourceTree = "<group>"; };
		63DD88001F529B4300885385 /* icon-messages-app-iPhone-60x45@3x.png */ = {isa = PBXFileReference; lastKnownFileType = image.png; path = "icon-messages-app-iPhone-60x45@3x.png"; sourceTree = "<group>"; };
		63DD88011F529B4300885385 /* icon-messages-app-store-1024x768.png */ = {isa = PBXFileReference; lastKnownFileType = image.png; path = "icon-messages-app-store-1024x768.png"; sourceTree = "<group>"; };
		63DD88021F529B4300885385 /* icon-messages-transcript-32x24@1x.png */ = {isa = PBXFileReference; lastKnownFileType = image.png; path = "icon-messages-transcript-32x24@1x.png"; sourceTree = "<group>"; };
		63DD88031F529B4300885385 /* icon-messages-transcript-32x24@2x.png */ = {isa = PBXFileReference; lastKnownFileType = image.png; path = "icon-messages-transcript-32x24@2x.png"; sourceTree = "<group>"; };
		63DD88041F529B4300885385 /* icon-messages-transcript-32x24@3x.png */ = {isa = PBXFileReference; lastKnownFileType = image.png; path = "icon-messages-transcript-32x24@3x.png"; sourceTree = "<group>"; };
		63DD88071F529B4300885385 /* Contents.json */ = {isa = PBXFileReference; fileEncoding = 4; lastKnownFileType = text.json; path = Contents.json; sourceTree = "<group>"; };
		63DD88081F529B4300885385 /* Icon-App-20x20@1x.png */ = {isa = PBXFileReference; lastKnownFileType = image.png; path = "Icon-App-20x20@1x.png"; sourceTree = "<group>"; };
		63DD88091F529B4300885385 /* Icon-App-20x20@2x.png */ = {isa = PBXFileReference; lastKnownFileType = image.png; path = "Icon-App-20x20@2x.png"; sourceTree = "<group>"; };
		63DD880A1F529B4300885385 /* Icon-App-20x20@3x.png */ = {isa = PBXFileReference; lastKnownFileType = image.png; path = "Icon-App-20x20@3x.png"; sourceTree = "<group>"; };
		63DD880B1F529B4300885385 /* Icon-App-29x29@1x.png */ = {isa = PBXFileReference; lastKnownFileType = image.png; path = "Icon-App-29x29@1x.png"; sourceTree = "<group>"; };
		63DD880C1F529B4300885385 /* Icon-App-29x29@2x.png */ = {isa = PBXFileReference; lastKnownFileType = image.png; path = "Icon-App-29x29@2x.png"; sourceTree = "<group>"; };
		63DD880D1F529B4300885385 /* Icon-App-29x29@3x.png */ = {isa = PBXFileReference; lastKnownFileType = image.png; path = "Icon-App-29x29@3x.png"; sourceTree = "<group>"; };
		63DD880E1F529B4300885385 /* Icon-App-40x40@1x.png */ = {isa = PBXFileReference; lastKnownFileType = image.png; path = "Icon-App-40x40@1x.png"; sourceTree = "<group>"; };
		63DD880F1F529B4300885385 /* Icon-App-40x40@2x.png */ = {isa = PBXFileReference; lastKnownFileType = image.png; path = "Icon-App-40x40@2x.png"; sourceTree = "<group>"; };
		63DD88101F529B4300885385 /* Icon-App-40x40@3x.png */ = {isa = PBXFileReference; lastKnownFileType = image.png; path = "Icon-App-40x40@3x.png"; sourceTree = "<group>"; };
		63DD88111F529B4300885385 /* Icon-App-57x57@1x.png */ = {isa = PBXFileReference; lastKnownFileType = image.png; path = "Icon-App-57x57@1x.png"; sourceTree = "<group>"; };
		63DD88121F529B4300885385 /* Icon-App-57x57@2x.png */ = {isa = PBXFileReference; lastKnownFileType = image.png; path = "Icon-App-57x57@2x.png"; sourceTree = "<group>"; };
		63DD88131F529B4300885385 /* Icon-App-60x60@1x.png */ = {isa = PBXFileReference; lastKnownFileType = image.png; path = "Icon-App-60x60@1x.png"; sourceTree = "<group>"; };
		63DD88141F529B4300885385 /* Icon-App-60x60@2x.png */ = {isa = PBXFileReference; lastKnownFileType = image.png; path = "Icon-App-60x60@2x.png"; sourceTree = "<group>"; };
		63DD88151F529B4300885385 /* Icon-App-60x60@3x.png */ = {isa = PBXFileReference; lastKnownFileType = image.png; path = "Icon-App-60x60@3x.png"; sourceTree = "<group>"; };
		63DD88161F529B4300885385 /* Icon-App-72x72@1x.png */ = {isa = PBXFileReference; lastKnownFileType = image.png; path = "Icon-App-72x72@1x.png"; sourceTree = "<group>"; };
		63DD88171F529B4300885385 /* Icon-App-72x72@2x.png */ = {isa = PBXFileReference; lastKnownFileType = image.png; path = "Icon-App-72x72@2x.png"; sourceTree = "<group>"; };
		63DD88181F529B4300885385 /* Icon-App-76x76@1x.png */ = {isa = PBXFileReference; lastKnownFileType = image.png; path = "Icon-App-76x76@1x.png"; sourceTree = "<group>"; };
		63DD88191F529B4300885385 /* Icon-App-76x76@2x.png */ = {isa = PBXFileReference; lastKnownFileType = image.png; path = "Icon-App-76x76@2x.png"; sourceTree = "<group>"; };
		63DD881A1F529B4300885385 /* Icon-App-76x76@3x.png */ = {isa = PBXFileReference; lastKnownFileType = image.png; path = "Icon-App-76x76@3x.png"; sourceTree = "<group>"; };
		63DD881B1F529B4300885385 /* Icon-App-83.5x83.5@2x.png */ = {isa = PBXFileReference; lastKnownFileType = image.png; path = "Icon-App-83.5x83.5@2x.png"; sourceTree = "<group>"; };
		63DD881C1F529B4300885385 /* Icon-Small-50x50@1x.png */ = {isa = PBXFileReference; lastKnownFileType = image.png; path = "Icon-Small-50x50@1x.png"; sourceTree = "<group>"; };
		63DD881D1F529B4300885385 /* Icon-Small-50x50@2x.png */ = {isa = PBXFileReference; lastKnownFileType = image.png; path = "Icon-Small-50x50@2x.png"; sourceTree = "<group>"; };
		63DD881E1F529B4300885385 /* iTunesArtwork@1x.png */ = {isa = PBXFileReference; lastKnownFileType = image.png; path = "iTunesArtwork@1x.png"; sourceTree = "<group>"; };
		63DD881F1F529B4300885385 /* iTunesArtwork@2x.png */ = {isa = PBXFileReference; lastKnownFileType = image.png; path = "iTunesArtwork@2x.png"; sourceTree = "<group>"; };
		63DD88201F529B4300885385 /* iTunesArtwork@3x.png */ = {isa = PBXFileReference; lastKnownFileType = image.png; path = "iTunesArtwork@3x.png"; sourceTree = "<group>"; };
		63DD88211F529B4300885385 /* README.md */ = {isa = PBXFileReference; fileEncoding = 4; lastKnownFileType = net.daringfireball.markdown; path = README.md; sourceTree = "<group>"; };
		63DD88501F52A1C400885385 /* icon-uiac.png */ = {isa = PBXFileReference; lastKnownFileType = image.png; path = "icon-uiac.png"; sourceTree = "<group>"; };
		63E410291F1CFA4D004B71A6 /* back_on.png */ = {isa = PBXFileReference; lastKnownFileType = image.png; path = back_on.png; sourceTree = "<group>"; };
		63E4102A1F1CFA4D004B71A6 /* back_on@2x.png */ = {isa = PBXFileReference; lastKnownFileType = image.png; path = "back_on@2x.png"; sourceTree = "<group>"; };
		63E4102B1F1CFA4D004B71A6 /* next_on.png */ = {isa = PBXFileReference; lastKnownFileType = image.png; path = next_on.png; sourceTree = "<group>"; };
		63E4102C1F1CFA4D004B71A6 /* next_on@2x.png */ = {isa = PBXFileReference; lastKnownFileType = image.png; path = "next_on@2x.png"; sourceTree = "<group>"; };
		63E4102D1F1CFA4D004B71A6 /* reload_on.png */ = {isa = PBXFileReference; lastKnownFileType = image.png; path = reload_on.png; sourceTree = "<group>"; };
		63E4102E1F1CFA4D004B71A6 /* reload_on@2x.png */ = {isa = PBXFileReference; lastKnownFileType = image.png; path = "reload_on@2x.png"; sourceTree = "<group>"; };
		63E4102F1F1CFA4D004B71A6 /* stop_on.png */ = {isa = PBXFileReference; lastKnownFileType = image.png; path = stop_on.png; sourceTree = "<group>"; };
		63E410301F1CFA4D004B71A6 /* stop_on@2x.png */ = {isa = PBXFileReference; lastKnownFileType = image.png; path = "stop_on@2x.png"; sourceTree = "<group>"; };
		63E410391F1CFED7004B71A6 /* back_off.png */ = {isa = PBXFileReference; lastKnownFileType = image.png; path = back_off.png; sourceTree = "<group>"; };
		63E4103A1F1CFED7004B71A6 /* next_off.png */ = {isa = PBXFileReference; lastKnownFileType = image.png; path = next_off.png; sourceTree = "<group>"; };
		63E4103B1F1CFED7004B71A6 /* stop_off.png */ = {isa = PBXFileReference; lastKnownFileType = image.png; path = stop_off.png; sourceTree = "<group>"; };
		63E4103C1F1CFED7004B71A6 /* reload_off.png */ = {isa = PBXFileReference; lastKnownFileType = image.png; path = reload_off.png; sourceTree = "<group>"; };
		63E4103D1F1CFED7004B71A6 /* reload_off@2x.png */ = {isa = PBXFileReference; lastKnownFileType = image.png; path = "reload_off@2x.png"; sourceTree = "<group>"; };
		63E4103E1F1CFED7004B71A6 /* next_off@2x.png */ = {isa = PBXFileReference; lastKnownFileType = image.png; path = "next_off@2x.png"; sourceTree = "<group>"; };
		63E4103F1F1CFED7004B71A6 /* stop_off@2x.png */ = {isa = PBXFileReference; lastKnownFileType = image.png; path = "stop_off@2x.png"; sourceTree = "<group>"; };
		63E410401F1CFED7004B71A6 /* back_off@2x.png */ = {isa = PBXFileReference; lastKnownFileType = image.png; path = "back_off@2x.png"; sourceTree = "<group>"; };
		63E4104A1F1D0EAB004B71A6 /* check_off.png */ = {isa = PBXFileReference; lastKnownFileType = image.png; path = check_off.png; sourceTree = "<group>"; };
		63E4104B1F1D0EAB004B71A6 /* check_on.png */ = {isa = PBXFileReference; lastKnownFileType = image.png; path = check_on.png; sourceTree = "<group>"; };
		63E4104E1F1D1607004B71A6 /* thumbnail_noImage.png */ = {isa = PBXFileReference; lastKnownFileType = image.png; path = thumbnail_noImage.png; sourceTree = "<group>"; };
		63E4104F1F1D1607004B71A6 /* thumbnail_nowLoading.png */ = {isa = PBXFileReference; lastKnownFileType = image.png; path = thumbnail_nowLoading.png; sourceTree = "<group>"; };
		DF51C2DC13D959FB782D2E85 /* Pods_ShareArticle.framework */ = {isa = PBXFileReference; explicitFileType = wrapper.framework; includeInIndex = 0; path = Pods_ShareArticle.framework; sourceTree = BUILT_PRODUCTS_DIR; };
		FC4FFD9067F8A16AA1B0C613 /* Pods-ShareArticle.release.xcconfig */ = {isa = PBXFileReference; includeInIndex = 1; lastKnownFileType = text.xcconfig; name = "Pods-ShareArticle.release.xcconfig"; path = "Pods/Target Support Files/Pods-ShareArticle/Pods-ShareArticle.release.xcconfig"; sourceTree = "<group>"; };
/* End PBXFileReference section */

/* Begin PBXFrameworksBuildPhase section */
		632910921EECEC880071F2E1 /* Frameworks */ = {
			isa = PBXFrameworksBuildPhase;
			buildActionMask = 2147483647;
			files = (
				0EABB536CCF85B382ED7E600 /* Pods_ShareArticle.framework in Frameworks */,
			);
			runOnlyForDeploymentPostprocessing = 0;
		};
/* End PBXFrameworksBuildPhase section */

/* Begin PBXGroup section */
		43EA93687CA4B8C69013E5D5 /* Pods */ = {
			isa = PBXGroup;
			children = (
				629B2BA04CA8E52A59169EDA /* Pods-ShareArticle.debug.xcconfig */,
				FC4FFD9067F8A16AA1B0C613 /* Pods-ShareArticle.release.xcconfig */,
			);
			name = Pods;
			sourceTree = "<group>";
		};
		6329108C1EECEC880071F2E1 = {
			isa = PBXGroup;
			children = (
				632910971EECEC880071F2E1 /* ShareArticle */,
				632910961EECEC880071F2E1 /* Products */,
				43EA93687CA4B8C69013E5D5 /* Pods */,
				EFA49D4079CA464EDFCFF491 /* Frameworks */,
			);
			sourceTree = "<group>";
		};
		632910961EECEC880071F2E1 /* Products */ = {
			isa = PBXGroup;
			children = (
				632910951EECEC880071F2E1 /* ShareArticle.app */,
			);
			name = Products;
			sourceTree = "<group>";
		};
		632910971EECEC880071F2E1 /* ShareArticle */ = {
			isa = PBXGroup;
			children = (
				632910981EECEC880071F2E1 /* AppDelegate.swift */,
				63BC8E281F56CFC900E9F55E /* FirebaseDatabaseManager.swift */,
				63BC8E661F5ECC8E00E9F55E /* FirebaseAuthManager.swift */,
				633BF8471F52C24A00D99E22 /* View */,
				633BF8491F52C26D00D99E22 /* Extension */,
				632910B41EED10C40071F2E1 /* ArticleClass.swift */,
				638201EB1EF7A9B900ACE0FA /* PostFromUIActivity.swift */,
				63381F181F15AE47006C5604 /* ConstDefine.swift */,
				63A78ACF1F332A210081349B /* PublicFunction.swift */,
				6329109F1EECEC880071F2E1 /* Assets.xcassets */,
				63DD87E91F529B4300885385 /* icon */,
				63E410281F1CFA4D004B71A6 /* barItemIcon */,
				63E410491F1D0EAB004B71A6 /* systemImage */,
				632910A11EECEC880071F2E1 /* LaunchScreen.storyboard */,
				632910A41EECEC880071F2E1 /* Info.plist */,
				63BC8E221F56C97800E9F55E /* GoogleService-Info.plist */,
			);
			path = ShareArticle;
			sourceTree = "<group>";
		};
		633BF8471F52C24A00D99E22 /* View */ = {
			isa = PBXGroup;
			children = (
				632910AA1EECF20B0071F2E1 /* ArticleListViewController.swift */,
				632910AC1EECF2760071F2E1 /* ReadWebViewController.swift */,
				6329109C1EECEC880071F2E1 /* Main.storyboard */,
				633BF8551F52FD7B00D99E22 /* TutorialViewController.swift */,
				633BF8591F52FDBB00D99E22 /* Tutorial.storyboard */,
				63BC8E401F57CFAE00E9F55E /* BookmarkViewController.swift */,
				63BC8E421F57CFB900E9F55E /* Bookmark.storyboard */,
				63BC8E441F57DDE600E9F55E /* AddBookmarkViewController.swift */,
				63BC8E461F57DDF500E9F55E /* AddBookmark.storyboard */,
				632910AE1EECF29F0071F2E1 /* ArticleTableViewCell.swift */,
				632910AF1EECF29F0071F2E1 /* ArticleTableViewCell.xib */,
				6326D7B61F073B2700448E52 /* PostFromUIActivityViewController.swift */,
			);
			name = View;
			sourceTree = "<group>";
		};
		633BF8491F52C26D00D99E22 /* Extension */ = {
			isa = PBXGroup;
			children = (
				632910B21EED0F0B0071F2E1 /* UIViewExtension.swift */,
				632910B61EED16590071F2E1 /* DateFormatExtension.swift */,
				632536DF1F0F423E00D43C08 /* ArrayExtension.swift */,
				632910B81EED18E60071F2E1 /* ImageConvertExtension.swift */,
				634CB66D1F263E0B00F2E7F5 /* UIColorExtension.swift */,
				63BC8E2A1F57060400E9F55E /* DictionaryExtension.swift */,
			);
			name = Extension;
			sourceTree = "<group>";
		};
		63DD87E91F529B4300885385 /* icon */ = {
			isa = PBXGroup;
			children = (
				63DD87F81F529B4300885385 /* imessenger */,
				63DD88051F529B4300885385 /* ios */,
			);
			path = icon;
			sourceTree = "<group>";
		};
		63DD87F81F529B4300885385 /* imessenger */ = {
			isa = PBXGroup;
			children = (
				63DD87F91F529B4300885385 /* icon-messages-app-27x20@1x.png */,
				63DD87FA1F529B4300885385 /* icon-messages-app-27x20@2x.png */,
				63DD87FB1F529B4300885385 /* icon-messages-app-27x20@3x.png */,
				63DD87FC1F529B4300885385 /* icon-messages-app-iPadAir-67x50@2x.png */,
				63DD87FD1F529B4300885385 /* icon-messages-app-iPadAir-74x55@2x.png */,
				63DD87FE1F529B4300885385 /* icon-messages-app-iPhone-60x45@1x.png */,
				63DD87FF1F529B4300885385 /* icon-messages-app-iPhone-60x45@2x.png */,
				63DD88001F529B4300885385 /* icon-messages-app-iPhone-60x45@3x.png */,
				63DD88011F529B4300885385 /* icon-messages-app-store-1024x768.png */,
				63DD88021F529B4300885385 /* icon-messages-transcript-32x24@1x.png */,
				63DD88031F529B4300885385 /* icon-messages-transcript-32x24@2x.png */,
				63DD88041F529B4300885385 /* icon-messages-transcript-32x24@3x.png */,
			);
			path = imessenger;
			sourceTree = "<group>";
		};
		63DD88051F529B4300885385 /* ios */ = {
			isa = PBXGroup;
			children = (
				63DD88061F529B4300885385 /* AppIcon.appiconset */,
				63DD881E1F529B4300885385 /* iTunesArtwork@1x.png */,
				63DD881F1F529B4300885385 /* iTunesArtwork@2x.png */,
				63DD88201F529B4300885385 /* iTunesArtwork@3x.png */,
				63DD88211F529B4300885385 /* README.md */,
			);
			path = ios;
			sourceTree = "<group>";
		};
		63DD88061F529B4300885385 /* AppIcon.appiconset */ = {
			isa = PBXGroup;
			children = (
				63DD88071F529B4300885385 /* Contents.json */,
				63DD88081F529B4300885385 /* Icon-App-20x20@1x.png */,
				63DD88091F529B4300885385 /* Icon-App-20x20@2x.png */,
				63DD880A1F529B4300885385 /* Icon-App-20x20@3x.png */,
				63DD880B1F529B4300885385 /* Icon-App-29x29@1x.png */,
				63DD880C1F529B4300885385 /* Icon-App-29x29@2x.png */,
				63DD880D1F529B4300885385 /* Icon-App-29x29@3x.png */,
				63DD880E1F529B4300885385 /* Icon-App-40x40@1x.png */,
				63DD880F1F529B4300885385 /* Icon-App-40x40@2x.png */,
				63DD88101F529B4300885385 /* Icon-App-40x40@3x.png */,
				63DD88111F529B4300885385 /* Icon-App-57x57@1x.png */,
				63DD88121F529B4300885385 /* Icon-App-57x57@2x.png */,
				63DD88131F529B4300885385 /* Icon-App-60x60@1x.png */,
				63DD88141F529B4300885385 /* Icon-App-60x60@2x.png */,
				63DD88151F529B4300885385 /* Icon-App-60x60@3x.png */,
				63DD88161F529B4300885385 /* Icon-App-72x72@1x.png */,
				63DD88171F529B4300885385 /* Icon-App-72x72@2x.png */,
				63DD88181F529B4300885385 /* Icon-App-76x76@1x.png */,
				63DD88191F529B4300885385 /* Icon-App-76x76@2x.png */,
				63DD881A1F529B4300885385 /* Icon-App-76x76@3x.png */,
				63DD881B1F529B4300885385 /* Icon-App-83.5x83.5@2x.png */,
				63DD881C1F529B4300885385 /* Icon-Small-50x50@1x.png */,
				63DD881D1F529B4300885385 /* Icon-Small-50x50@2x.png */,
			);
			path = AppIcon.appiconset;
			sourceTree = "<group>";
		};
		63E410281F1CFA4D004B71A6 /* barItemIcon */ = {
			isa = PBXGroup;
			children = (
				63E410291F1CFA4D004B71A6 /* back_on.png */,
				63E4102A1F1CFA4D004B71A6 /* back_on@2x.png */,
				63E4102B1F1CFA4D004B71A6 /* next_on.png */,
				63E4102C1F1CFA4D004B71A6 /* next_on@2x.png */,
				63E4102D1F1CFA4D004B71A6 /* reload_on.png */,
				63E4102E1F1CFA4D004B71A6 /* reload_on@2x.png */,
				63E4102F1F1CFA4D004B71A6 /* stop_on.png */,
				63E410301F1CFA4D004B71A6 /* stop_on@2x.png */,
				63E410391F1CFED7004B71A6 /* back_off.png */,
				63E4103A1F1CFED7004B71A6 /* next_off.png */,
				63E4103B1F1CFED7004B71A6 /* stop_off.png */,
				63E4103C1F1CFED7004B71A6 /* reload_off.png */,
				63E4103D1F1CFED7004B71A6 /* reload_off@2x.png */,
				63E4103E1F1CFED7004B71A6 /* next_off@2x.png */,
				63E4103F1F1CFED7004B71A6 /* stop_off@2x.png */,
				63E410401F1CFED7004B71A6 /* back_off@2x.png */,
				63BC8E541F58025200E9F55E /* bookmark_add@2x.png */,
				63BC8E551F58025200E9F55E /* bookmark_normal@2x.png */,
				63BC8E561F58025200E9F55E /* bookmark_add.png */,
				63BC8E571F58025200E9F55E /* bookmark_normal.png */,
			);
			path = barItemIcon;
			sourceTree = "<group>";
		};
		63E410491F1D0EAB004B71A6 /* systemImage */ = {
			isa = PBXGroup;
			children = (
				634CB66F1F2640AE00F2E7F5 /* nippoly_white.png */,
				633BF8511F52CA7F00D99E22 /* icon_180.png */,
				633BF8531F52F34200D99E22 /* Posty_logo_1440_360.png */,
				633BF84D1F52C9EA00D99E22 /* bookmark_icon.png */,
				63E4104A1F1D0EAB004B71A6 /* check_off.png */,
				63E4104B1F1D0EAB004B71A6 /* check_on.png */,
				63E4104E1F1D1607004B71A6 /* thumbnail_noImage.png */,
				63E4104F1F1D1607004B71A6 /* thumbnail_nowLoading.png */,
				63DD88501F52A1C400885385 /* icon-uiac.png */,
				63BC8E5C1F5E885D00E9F55E /* Tutorial01.jpg */,
				63BC8E5D1F5E885D00E9F55E /* Tutorial02.jpg */,
				63BC8E5E1F5E885D00E9F55E /* Tutorial03.jpg */,
				63BC8E5F1F5E885D00E9F55E /* Tutorial04.jpg */,
				63BC8E601F5E885D00E9F55E /* Tutorial05.jpg */,
			);
			path = systemImage;
			sourceTree = "<group>";
		};
		EFA49D4079CA464EDFCFF491 /* Frameworks */ = {
			isa = PBXGroup;
			children = (
				DF51C2DC13D959FB782D2E85 /* Pods_ShareArticle.framework */,
			);
			name = Frameworks;
			sourceTree = "<group>";
		};
/* End PBXGroup section */

/* Begin PBXNativeTarget section */
		632910941EECEC880071F2E1 /* ShareArticle */ = {
			isa = PBXNativeTarget;
			buildConfigurationList = 632910A71EECEC880071F2E1 /* Build configuration list for PBXNativeTarget "ShareArticle" */;
			buildPhases = (
				4D8FC814386CE1BFF16B3C09 /* [CP] Check Pods Manifest.lock */,
				632910911EECEC880071F2E1 /* Sources */,
				632910921EECEC880071F2E1 /* Frameworks */,
				632910931EECEC880071F2E1 /* Resources */,
				80E55EEF866D6F6718A29AA7 /* [CP] Embed Pods Frameworks */,
				C2C7FFFCEBA849A971C17FE0 /* [CP] Copy Pods Resources */,
			);
			buildRules = (
			);
			dependencies = (
			);
			name = ShareArticle;
			productName = ShareArticle;
			productReference = 632910951EECEC880071F2E1 /* ShareArticle.app */;
			productType = "com.apple.product-type.application";
		};
/* End PBXNativeTarget section */

/* Begin PBXProject section */
		6329108D1EECEC880071F2E1 /* Project object */ = {
			isa = PBXProject;
			attributes = {
				LastSwiftUpdateCheck = 0830;
				LastUpgradeCheck = 0830;
				ORGANIZATIONNAME = "Wataru Inoue";
				TargetAttributes = {
					632910941EECEC880071F2E1 = {
						CreatedOnToolsVersion = 8.3.3;
						DevelopmentTeam = 44KX7M22LP;
						ProvisioningStyle = Automatic;
					};
				};
			};
			buildConfigurationList = 632910901EECEC880071F2E1 /* Build configuration list for PBXProject "ShareArticle" */;
			compatibilityVersion = "Xcode 3.2";
			developmentRegion = English;
			hasScannedForEncodings = 0;
			knownRegions = (
				en,
				Base,
			);
			mainGroup = 6329108C1EECEC880071F2E1;
			productRefGroup = 632910961EECEC880071F2E1 /* Products */;
			projectDirPath = "";
			projectRoot = "";
			targets = (
				632910941EECEC880071F2E1 /* ShareArticle */,
			);
		};
/* End PBXProject section */

/* Begin PBXResourcesBuildPhase section */
		632910931EECEC880071F2E1 /* Resources */ = {
			isa = PBXResourcesBuildPhase;
			buildActionMask = 2147483647;
			files = (
				63BC8E581F58025200E9F55E /* bookmark_add@2x.png in Resources */,
				63E410431F1CFED7004B71A6 /* stop_off.png in Resources */,
				63DD884E1F529B4300885385 /* iTunesArtwork@3x.png in Resources */,
				632910B11EECF29F0071F2E1 /* ArticleTableViewCell.xib in Resources */,
				63DD88481F529B4300885385 /* Icon-App-76x76@3x.png in Resources */,
				63DD88461F529B4300885385 /* Icon-App-76x76@1x.png in Resources */,
				63DD88451F529B4300885385 /* Icon-App-72x72@2x.png in Resources */,
				63DD88371F529B4300885385 /* Icon-App-20x20@2x.png in Resources */,
				63E410441F1CFED7004B71A6 /* reload_off.png in Resources */,
				63E4104D1F1D0EAB004B71A6 /* check_on.png in Resources */,
				633BF84E1F52C9EA00D99E22 /* bookmark_icon.png in Resources */,
				63DD88471F529B4300885385 /* Icon-App-76x76@2x.png in Resources */,
				63DD88491F529B4300885385 /* Icon-App-83.5x83.5@2x.png in Resources */,
				63DD883D1F529B4300885385 /* Icon-App-40x40@2x.png in Resources */,
				63BC8E651F5E885D00E9F55E /* Tutorial05.jpg in Resources */,
				63E410511F1D1607004B71A6 /* thumbnail_nowLoading.png in Resources */,
				63E410351F1CFA4D004B71A6 /* reload_on.png in Resources */,
				63E410451F1CFED7004B71A6 /* reload_off@2x.png in Resources */,
				63DD88441F529B4300885385 /* Icon-App-72x72@1x.png in Resources */,
				63DD884A1F529B4300885385 /* Icon-Small-50x50@1x.png in Resources */,
				63E410501F1D1607004B71A6 /* thumbnail_noImage.png in Resources */,
				63E410411F1CFED7004B71A6 /* back_off.png in Resources */,
				632910A31EECEC880071F2E1 /* LaunchScreen.storyboard in Resources */,
				63DD883F1F529B4300885385 /* Icon-App-57x57@1x.png in Resources */,
				63DD88331F529B4300885385 /* icon-messages-transcript-32x24@2x.png in Resources */,
				63BC8E591F58025200E9F55E /* bookmark_normal@2x.png in Resources */,
				63E410461F1CFED7004B71A6 /* next_off@2x.png in Resources */,
				632910A01EECEC880071F2E1 /* Assets.xcassets in Resources */,
				63E410371F1CFA4D004B71A6 /* stop_on.png in Resources */,
				63DD88311F529B4300885385 /* icon-messages-app-store-1024x768.png in Resources */,
				63BC8E631F5E885D00E9F55E /* Tutorial03.jpg in Resources */,
				63DD88411F529B4300885385 /* Icon-App-60x60@1x.png in Resources */,
				63BC8E5A1F58025200E9F55E /* bookmark_add.png in Resources */,
				63E4104C1F1D0EAB004B71A6 /* check_off.png in Resources */,
				63DD88361F529B4300885385 /* Icon-App-20x20@1x.png in Resources */,
				63DD88351F529B4300885385 /* Contents.json in Resources */,
				63DD88511F52A1C400885385 /* icon-uiac.png in Resources */,
				63DD882B1F529B4300885385 /* icon-messages-app-27x20@3x.png in Resources */,
				63DD88291F529B4300885385 /* icon-messages-app-27x20@1x.png in Resources */,
				63DD88301F529B4300885385 /* icon-messages-app-iPhone-60x45@3x.png in Resources */,
				63DD883E1F529B4300885385 /* Icon-App-40x40@3x.png in Resources */,
				63DD882D1F529B4300885385 /* icon-messages-app-iPadAir-74x55@2x.png in Resources */,
				63DD883B1F529B4300885385 /* Icon-App-29x29@3x.png in Resources */,
				63DD88321F529B4300885385 /* icon-messages-transcript-32x24@1x.png in Resources */,
				63BC8E471F57DDF500E9F55E /* AddBookmark.storyboard in Resources */,
				63E410321F1CFA4D004B71A6 /* back_on@2x.png in Resources */,
				63E410481F1CFED7004B71A6 /* back_off@2x.png in Resources */,
				63DD88401F529B4300885385 /* Icon-App-57x57@2x.png in Resources */,
				63E410331F1CFA4D004B71A6 /* next_on.png in Resources */,
				63E410341F1CFA4D004B71A6 /* next_on@2x.png in Resources */,
				634CB6701F2640AE00F2E7F5 /* nippoly_white.png in Resources */,
				63DD88341F529B4300885385 /* icon-messages-transcript-32x24@3x.png in Resources */,
				63BC8E611F5E885D00E9F55E /* Tutorial01.jpg in Resources */,
				63DD88421F529B4300885385 /* Icon-App-60x60@2x.png in Resources */,
				63DD88391F529B4300885385 /* Icon-App-29x29@1x.png in Resources */,
				63DD882C1F529B4300885385 /* icon-messages-app-iPadAir-67x50@2x.png in Resources */,
				63DD884D1F529B4300885385 /* iTunesArtwork@2x.png in Resources */,
				63DD88381F529B4300885385 /* Icon-App-20x20@3x.png in Resources */,
				63BC8E431F57CFB900E9F55E /* Bookmark.storyboard in Resources */,
				63E410471F1CFED7004B71A6 /* stop_off@2x.png in Resources */,
				63E410361F1CFA4D004B71A6 /* reload_on@2x.png in Resources */,
				63BC8E621F5E885D00E9F55E /* Tutorial02.jpg in Resources */,
				63DD883A1F529B4300885385 /* Icon-App-29x29@2x.png in Resources */,
				63DD882E1F529B4300885385 /* icon-messages-app-iPhone-60x45@1x.png in Resources */,
				63DD88431F529B4300885385 /* Icon-App-60x60@3x.png in Resources */,
				63DD882A1F529B4300885385 /* icon-messages-app-27x20@2x.png in Resources */,
				63DD882F1F529B4300885385 /* icon-messages-app-iPhone-60x45@2x.png in Resources */,
				633BF8521F52CA7F00D99E22 /* icon_180.png in Resources */,
				63DD883C1F529B4300885385 /* Icon-App-40x40@1x.png in Resources */,
				63BC8E641F5E885D00E9F55E /* Tutorial04.jpg in Resources */,
				633BF8541F52F34200D99E22 /* Posty_logo_1440_360.png in Resources */,
				63DD884B1F529B4300885385 /* Icon-Small-50x50@2x.png in Resources */,
				633BF85A1F52FDBB00D99E22 /* Tutorial.storyboard in Resources */,
				6329109E1EECEC880071F2E1 /* Main.storyboard in Resources */,
				63E410311F1CFA4D004B71A6 /* back_on.png in Resources */,
				63BC8E5B1F58025200E9F55E /* bookmark_normal.png in Resources */,
				63BC8E231F56C97800E9F55E /* GoogleService-Info.plist in Resources */,
				63E410381F1CFA4D004B71A6 /* stop_on@2x.png in Resources */,
				63E410421F1CFED7004B71A6 /* next_off.png in Resources */,
				63DD884C1F529B4300885385 /* iTunesArtwork@1x.png in Resources */,
			);
			runOnlyForDeploymentPostprocessing = 0;
		};
/* End PBXResourcesBuildPhase section */

/* Begin PBXShellScriptBuildPhase section */
		4D8FC814386CE1BFF16B3C09 /* [CP] Check Pods Manifest.lock */ = {
			isa = PBXShellScriptBuildPhase;
			buildActionMask = 2147483647;
			files = (
			);
			inputPaths = (
			);
			name = "[CP] Check Pods Manifest.lock";
			outputPaths = (
			);
			runOnlyForDeploymentPostprocessing = 0;
			shellPath = /bin/sh;
			shellScript = "diff \"${PODS_PODFILE_DIR_PATH}/Podfile.lock\" \"${PODS_ROOT}/Manifest.lock\" > /dev/null\nif [ $? != 0 ] ; then\n    # print error to STDERR\n    echo \"error: The sandbox is not in sync with the Podfile.lock. Run 'pod install' or update your CocoaPods installation.\" >&2\n    exit 1\nfi\n";
			showEnvVarsInLog = 0;
		};
		80E55EEF866D6F6718A29AA7 /* [CP] Embed Pods Frameworks */ = {
			isa = PBXShellScriptBuildPhase;
			buildActionMask = 2147483647;
			files = (
			);
			inputPaths = (
			);
			name = "[CP] Embed Pods Frameworks";
			outputPaths = (
			);
			runOnlyForDeploymentPostprocessing = 0;
			shellPath = /bin/sh;
			shellScript = "\"${SRCROOT}/Pods/Target Support Files/Pods-ShareArticle/Pods-ShareArticle-frameworks.sh\"\n";
			showEnvVarsInLog = 0;
		};
		C2C7FFFCEBA849A971C17FE0 /* [CP] Copy Pods Resources */ = {
			isa = PBXShellScriptBuildPhase;
			buildActionMask = 2147483647;
			files = (
			);
			inputPaths = (
			);
			name = "[CP] Copy Pods Resources";
			outputPaths = (
			);
			runOnlyForDeploymentPostprocessing = 0;
			shellPath = /bin/sh;
			shellScript = "\"${SRCROOT}/Pods/Target Support Files/Pods-ShareArticle/Pods-ShareArticle-resources.sh\"\n";
			showEnvVarsInLog = 0;
		};
/* End PBXShellScriptBuildPhase section */

/* Begin PBXSourcesBuildPhase section */
		632910911EECEC880071F2E1 /* Sources */ = {
			isa = PBXSourcesBuildPhase;
			buildActionMask = 2147483647;
			files = (
				638201EC1EF7A9B900ACE0FA /* PostFromUIActivity.swift in Sources */,
				632910B71EED16590071F2E1 /* DateFormatExtension.swift in Sources */,
				632536E01F0F423E00D43C08 /* ArrayExtension.swift in Sources */,
				63BC8E291F56CFC900E9F55E /* FirebaseDatabaseManager.swift in Sources */,
				63BC8E411F57CFAE00E9F55E /* BookmarkViewController.swift in Sources */,
				63A78AD01F332A210081349B /* PublicFunction.swift in Sources */,
				632910B31EED0F0B0071F2E1 /* UIViewExtension.swift in Sources */,
				632910B01EECF29F0071F2E1 /* ArticleTableViewCell.swift in Sources */,
				63DD884F1F529B4300885385 /* README.md in Sources */,
				63BC8E451F57DDE600E9F55E /* AddBookmarkViewController.swift in Sources */,
				6326D7B71F073B2700448E52 /* PostFromUIActivityViewController.swift in Sources */,
				632910AD1EECF2760071F2E1 /* ReadWebViewController.swift in Sources */,
				632910B51EED10C40071F2E1 /* ArticleClass.swift in Sources */,
				633BF8571F52FD7B00D99E22 /* TutorialViewController.swift in Sources */,
				634CB66E1F263E0B00F2E7F5 /* UIColorExtension.swift in Sources */,
				632910AB1EECF20B0071F2E1 /* ArticleListViewController.swift in Sources */,
				63BC8E2B1F57060400E9F55E /* DictionaryExtension.swift in Sources */,
				63BC8E671F5ECC8E00E9F55E /* FirebaseAuthManager.swift in Sources */,
				632910991EECEC880071F2E1 /* AppDelegate.swift in Sources */,
				63381F191F15AE47006C5604 /* ConstDefine.swift in Sources */,
				632910B91EED18E60071F2E1 /* ImageConvertExtension.swift in Sources */,
			);
			runOnlyForDeploymentPostprocessing = 0;
		};
/* End PBXSourcesBuildPhase section */

/* Begin PBXVariantGroup section */
		6329109C1EECEC880071F2E1 /* Main.storyboard */ = {
			isa = PBXVariantGroup;
			children = (
				6329109D1EECEC880071F2E1 /* Base */,
			);
			name = Main.storyboard;
			sourceTree = "<group>";
		};
		632910A11EECEC880071F2E1 /* LaunchScreen.storyboard */ = {
			isa = PBXVariantGroup;
			children = (
				632910A21EECEC880071F2E1 /* Base */,
			);
			name = LaunchScreen.storyboard;
			sourceTree = "<group>";
		};
/* End PBXVariantGroup section */

/* Begin XCBuildConfiguration section */
		632910A51EECEC880071F2E1 /* Debug */ = {
			isa = XCBuildConfiguration;
			buildSettings = {
				ALWAYS_SEARCH_USER_PATHS = NO;
				CLANG_ANALYZER_NONNULL = YES;
				CLANG_ANALYZER_NUMBER_OBJECT_CONVERSION = YES_AGGRESSIVE;
				CLANG_CXX_LANGUAGE_STANDARD = "gnu++0x";
				CLANG_CXX_LIBRARY = "libc++";
				CLANG_ENABLE_MODULES = YES;
				CLANG_ENABLE_OBJC_ARC = YES;
				CLANG_WARN_BOOL_CONVERSION = YES;
				CLANG_WARN_CONSTANT_CONVERSION = YES;
				CLANG_WARN_DIRECT_OBJC_ISA_USAGE = YES_ERROR;
				CLANG_WARN_DOCUMENTATION_COMMENTS = YES;
				CLANG_WARN_EMPTY_BODY = YES;
				CLANG_WARN_ENUM_CONVERSION = YES;
				CLANG_WARN_INFINITE_RECURSION = YES;
				CLANG_WARN_INT_CONVERSION = YES;
				CLANG_WARN_OBJC_ROOT_CLASS = YES_ERROR;
				CLANG_WARN_SUSPICIOUS_MOVE = YES;
				CLANG_WARN_UNREACHABLE_CODE = YES;
				CLANG_WARN__DUPLICATE_METHOD_MATCH = YES;
				CODE_SIGN_IDENTITY = "iPhone Distribution: Wataru Inoue (44KX7M22LP)";
				"CODE_SIGN_IDENTITY[sdk=iphoneos*]" = "iPhone Developer";
				COPY_PHASE_STRIP = NO;
				DEBUG_INFORMATION_FORMAT = dwarf;
				DEVELOPMENT_TEAM = 44KX7M22LP;
				ENABLE_STRICT_OBJC_MSGSEND = YES;
				ENABLE_TESTABILITY = YES;
				GCC_C_LANGUAGE_STANDARD = gnu99;
				GCC_DYNAMIC_NO_PIC = NO;
				GCC_NO_COMMON_BLOCKS = YES;
				GCC_OPTIMIZATION_LEVEL = 0;
				GCC_PREPROCESSOR_DEFINITIONS = (
					"DEBUG=1",
					"$(inherited)",
				);
				GCC_WARN_64_TO_32_BIT_CONVERSION = YES;
				GCC_WARN_ABOUT_RETURN_TYPE = YES_ERROR;
				GCC_WARN_UNDECLARED_SELECTOR = YES;
				GCC_WARN_UNINITIALIZED_AUTOS = YES_AGGRESSIVE;
				GCC_WARN_UNUSED_FUNCTION = YES;
				GCC_WARN_UNUSED_VARIABLE = YES;
				IPHONEOS_DEPLOYMENT_TARGET = 10.3;
				MTL_ENABLE_DEBUG_INFO = YES;
				ONLY_ACTIVE_ARCH = YES;
				SDKROOT = iphoneos;
				SWIFT_ACTIVE_COMPILATION_CONDITIONS = DEBUG;
				SWIFT_OPTIMIZATION_LEVEL = "-Onone";
			};
			name = Debug;
		};
		632910A61EECEC880071F2E1 /* Release */ = {
			isa = XCBuildConfiguration;
			buildSettings = {
				ALWAYS_SEARCH_USER_PATHS = NO;
				CLANG_ANALYZER_NONNULL = YES;
				CLANG_ANALYZER_NUMBER_OBJECT_CONVERSION = YES_AGGRESSIVE;
				CLANG_CXX_LANGUAGE_STANDARD = "gnu++0x";
				CLANG_CXX_LIBRARY = "libc++";
				CLANG_ENABLE_MODULES = YES;
				CLANG_ENABLE_OBJC_ARC = YES;
				CLANG_WARN_BOOL_CONVERSION = YES;
				CLANG_WARN_CONSTANT_CONVERSION = YES;
				CLANG_WARN_DIRECT_OBJC_ISA_USAGE = YES_ERROR;
				CLANG_WARN_DOCUMENTATION_COMMENTS = YES;
				CLANG_WARN_EMPTY_BODY = YES;
				CLANG_WARN_ENUM_CONVERSION = YES;
				CLANG_WARN_INFINITE_RECURSION = YES;
				CLANG_WARN_INT_CONVERSION = YES;
				CLANG_WARN_OBJC_ROOT_CLASS = YES_ERROR;
				CLANG_WARN_SUSPICIOUS_MOVE = YES;
				CLANG_WARN_UNREACHABLE_CODE = YES;
				CLANG_WARN__DUPLICATE_METHOD_MATCH = YES;
				CODE_SIGN_IDENTITY = "iPhone Distribution: Wataru Inoue (44KX7M22LP)";
				"CODE_SIGN_IDENTITY[sdk=iphoneos*]" = "iPhone Distribution: Wataru Inoue (44KX7M22LP)";
				COPY_PHASE_STRIP = NO;
				DEBUG_INFORMATION_FORMAT = "dwarf-with-dsym";
				DEVELOPMENT_TEAM = 44KX7M22LP;
				ENABLE_NS_ASSERTIONS = NO;
				ENABLE_STRICT_OBJC_MSGSEND = YES;
				GCC_C_LANGUAGE_STANDARD = gnu99;
				GCC_NO_COMMON_BLOCKS = YES;
				GCC_WARN_64_TO_32_BIT_CONVERSION = YES;
				GCC_WARN_ABOUT_RETURN_TYPE = YES_ERROR;
				GCC_WARN_UNDECLARED_SELECTOR = YES;
				GCC_WARN_UNINITIALIZED_AUTOS = YES_AGGRESSIVE;
				GCC_WARN_UNUSED_FUNCTION = YES;
				GCC_WARN_UNUSED_VARIABLE = YES;
				IPHONEOS_DEPLOYMENT_TARGET = 10.3;
				MTL_ENABLE_DEBUG_INFO = NO;
				SDKROOT = iphoneos;
				SWIFT_OPTIMIZATION_LEVEL = "-Owholemodule";
				VALIDATE_PRODUCT = YES;
			};
			name = Release;
		};
		632910A81EECEC880071F2E1 /* Debug */ = {
			isa = XCBuildConfiguration;
			baseConfigurationReference = 629B2BA04CA8E52A59169EDA /* Pods-ShareArticle.debug.xcconfig */;
			buildSettings = {
				ASSETCATALOG_COMPILER_APPICON_NAME = AppIcon;
				CODE_SIGN_IDENTITY = "iPhone Developer";
				DEVELOPMENT_TEAM = 44KX7M22LP;
				INFOPLIST_FILE = ShareArticle/Info.plist;
				IPHONEOS_DEPLOYMENT_TARGET = 10.0;
				LD_RUNPATH_SEARCH_PATHS = "$(inherited) @executable_path/Frameworks";
				PRODUCT_BUNDLE_IDENTIFIER = com.wataru.ShareArticle;
				PRODUCT_NAME = "$(TARGET_NAME)";
				SWIFT_VERSION = 3.0;
			};
			name = Debug;
		};
		632910A91EECEC880071F2E1 /* Release */ = {
			isa = XCBuildConfiguration;
			baseConfigurationReference = FC4FFD9067F8A16AA1B0C613 /* Pods-ShareArticle.release.xcconfig */;
			buildSettings = {
				ASSETCATALOG_COMPILER_APPICON_NAME = AppIcon;
				CODE_SIGN_IDENTITY = "iPhone Developer";
				DEVELOPMENT_TEAM = 44KX7M22LP;
				INFOPLIST_FILE = ShareArticle/Info.plist;
				IPHONEOS_DEPLOYMENT_TARGET = 10.0;
				LD_RUNPATH_SEARCH_PATHS = "$(inherited) @executable_path/Frameworks";
				PRODUCT_BUNDLE_IDENTIFIER = com.wataru.ShareArticle;
				PRODUCT_NAME = "$(TARGET_NAME)";
				SWIFT_VERSION = 3.0;
			};
			name = Release;
		};
/* End XCBuildConfiguration section */

/* Begin XCConfigurationList section */
		632910901EECEC880071F2E1 /* Build configuration list for PBXProject "ShareArticle" */ = {
			isa = XCConfigurationList;
			buildConfigurations = (
				632910A51EECEC880071F2E1 /* Debug */,
				632910A61EECEC880071F2E1 /* Release */,
			);
			defaultConfigurationIsVisible = 0;
			defaultConfigurationName = Release;
		};
		632910A71EECEC880071F2E1 /* Build configuration list for PBXNativeTarget "ShareArticle" */ = {
			isa = XCConfigurationList;
			buildConfigurations = (
				632910A81EECEC880071F2E1 /* Debug */,
				632910A91EECEC880071F2E1 /* Release */,
			);
			defaultConfigurationIsVisible = 0;
			defaultConfigurationName = Release;
		};
/* End XCConfigurationList section */
	};
	rootObject = 6329108D1EECEC880071F2E1 /* Project object */;
}
